
Microsoft Visual Studio Solution File, Format Version 12.00
# Visual Studio Version 17
VisualStudioVersion = 17.4.33122.133
MinimumVisualStudioVersion = 10.0.40219.1
Project("{9A19103F-16F7-4668-BE54-9A1E7A4F7556}") = "BookHub.Web", "BookHub2\BookHub.Web.csproj", "{71AB3A2D-2F83-4517-AEAE-24124F73FB46}"
EndProject
Project("{9A19103F-16F7-4668-BE54-9A1E7A4F7556}") = "BookHub.DataAccess", "BookHub.DataAccess\BookHub.DataAccess.csproj", "{771C61D7-F24C-48F6-AEE6-EA99F5012911}"
EndProject
Project("{9A19103F-16F7-4668-BE54-9A1E7A4F7556}") = "BookHub.Models", "BookHub.Models\BookHub.Models.csproj", "{F8B7ED6E-7715-41E4-856E-66542737BF4A}"
EndProject
Project("{9A19103F-16F7-4668-BE54-9A1E7A4F7556}") = "BookHub.Utility", "BookHub.Utility\BookHub.Utility.csproj", "{09C44FD0-E9C5-4A23-A144-CC2A663C49FC}"
EndProject
Global
	GlobalSection(SolutionConfigurationPlatforms) = preSolution
		Debug|Any CPU = Debug|Any CPU
		Release|Any CPU = Release|Any CPU
	EndGlobalSection
	GlobalSection(ProjectConfigurationPlatforms) = postSolution
		{71AB3A2D-2F83-4517-AEAE-24124F73FB46}.Debug|Any CPU.ActiveCfg = Debug|Any CPU
		{71AB3A2D-2F83-4517-AEAE-24124F73FB46}.Debug|Any CPU.Build.0 = Debug|Any CPU
		{71AB3A2D-2F83-4517-AEAE-24124F73FB46}.Release|Any CPU.ActiveCfg = Release|Any CPU
		{71AB3A2D-2F83-4517-AEAE-24124F73FB46}.Release|Any CPU.Build.0 = Release|Any CPU
		{771C61D7-F24C-48F6-AEE6-EA99F5012911}.Debug|Any CPU.ActiveCfg = Debug|Any CPU
		{771C61D7-F24C-48F6-AEE6-EA99F5012911}.Debug|Any CPU.Build.0 = Debug|Any CPU
		{771C61D7-F24C-48F6-AEE6-EA99F5012911}.Release|Any CPU.ActiveCfg = Release|Any CPU
		{771C61D7-F24C-48F6-AEE6-EA99F5012911}.Release|Any CPU.Build.0 = Release|Any CPU
		{F8B7ED6E-7715-41E4-856E-66542737BF4A}.Debug|Any CPU.ActiveCfg = Debug|Any CPU
		{F8B7ED6E-7715-41E4-856E-66542737BF4A}.Debug|Any CPU.Build.0 = Debug|Any CPU
		{F8B7ED6E-7715-41E4-856E-66542737BF4A}.Release|Any CPU.ActiveCfg = Release|Any CPU
		{F8B7ED6E-7715-41E4-856E-66542737BF4A}.Release|Any CPU.Build.0 = Release|Any CPU
		{09C44FD0-E9C5-4A23-A144-CC2A663C49FC}.Debug|Any CPU.ActiveCfg = Debug|Any CPU
		{09C44FD0-E9C5-4A23-A144-CC2A663C49FC}.Debug|Any CPU.Build.0 = Debug|Any CPU
		{09C44FD0-E9C5-4A23-A144-CC2A663C49FC}.Release|Any CPU.ActiveCfg = Release|Any CPU
		{09C44FD0-E9C5-4A23-A144-CC2A663C49FC}.Release|Any CPU.Build.0 = Release|Any CPU
	EndGlobalSection
	GlobalSection(SolutionProperties) = preSolution
		HideSolutionNode = FALSE
	EndGlobalSection
	GlobalSection(ExtensibilityGlobals) = postSolution
		SolutionGuid = {41417F79-8741-41DA-92D5-22BA6F1B2028}
	EndGlobalSection
EndGlobal
